%{
  "dialyxir": {:git, "https://github.com/sendle/dialyxir.git", "f9f8132497ff77a557ca17c7eed9e735c50648f2", [branch: "feature/github-long-formatter"]},
  "erlex": {:hex, :erlex, "0.2.7", "810e8725f96ab74d17aac676e748627a07bc87eb950d2b83acd29dc047a30595", [:mix], [], "hexpm", "3ed95f79d1a844c3f6bf0cea61e0d5612a42ce56da9c03f01df538685365efb0"},
}
